
Microsoft Visual Studio Solution File, Format Version 12.00
# Visual Studio Version 16
VisualStudioVersion = 16.0.31321.278
MinimumVisualStudioVersion = 10.0.40219.1
Project("{FAE04EC0-301F-11D3-BF4B-00C04F79EFBC}") = "Esplai_S01_01", "Esplai_S01_01.csproj", "{645C8509-3D6F-46F9-87C9-472249D91DED}"
EndProject
Global
	GlobalSection(SolutionConfigurationPlatforms) = preSolution
		Debug|Any CPU = Debug|Any CPU
		Release|Any CPU = Release|Any CPU
	EndGlobalSection
	GlobalSection(ProjectConfigurationPlatforms) = postSolution
		{645C8509-3D6F-46F9-87C9-472249D91DED}.Debug|Any CPU.ActiveCfg = Debug|Any CPU
		{645C8509-3D6F-46F9-87C9-472249D91DED}.Debug|Any CPU.Build.0 = Debug|Any CPU
		{645C8509-3D6F-46F9-87C9-472249D91DED}.Release|Any CPU.ActiveCfg = Release|Any CPU
		{645C8509-3D6F-46F9-87C9-472249D91DED}.Release|Any CPU.Build.0 = Release|Any CPU
	EndGlobalSection
	GlobalSection(SolutionProperties) = preSolution
		HideSolutionNode = FALSE
	EndGlobalSection
	GlobalSection(ExtensibilityGlobals) = postSolution
		SolutionGuid = {7B43C114-4CC5-40F7-8F33-586A3DCD6DB7}
	EndGlobalSection
EndGlobal
